
Microsoft Visual Studio Solution File, Format Version 12.00
# Visual Studio Version 17
VisualStudioVersion = 17.5.33424.131
MinimumVisualStudioVersion = 10.0.40219.1
Project("{FAE04EC0-301F-11D3-BF4B-00C04F79EFBC}") = "AppClient", "AppClient.csproj", "{5CB1E305-3003-41D8-A2E2-26DB2D8D6114}"
EndProject
Global
	GlobalSection(SolutionConfigurationPlatforms) = preSolution
		Debug|Any CPU = Debug|Any CPU
		Release|Any CPU = Release|Any CPU
	EndGlobalSection
	GlobalSection(ProjectConfigurationPlatforms) = postSolution
		{5CB1E305-3003-41D8-A2E2-26DB2D8D6114}.Debug|Any CPU.ActiveCfg = Debug|Any CPU
		{5CB1E305-3003-41D8-A2E2-26DB2D8D6114}.Debug|Any CPU.Build.0 = Debug|Any CPU
		{5CB1E305-3003-41D8-A2E2-26DB2D8D6114}.Release|Any CPU.ActiveCfg = Release|Any CPU
		{5CB1E305-3003-41D8-A2E2-26DB2D8D6114}.Release|Any CPU.Build.0 = Release|Any CPU
	EndGlobalSection
	GlobalSection(SolutionProperties) = preSolution
		HideSolutionNode = FALSE
	EndGlobalSection
	GlobalSection(ExtensibilityGlobals) = postSolution
		SolutionGuid = {00DE0D61-8788-46C9-B373-B4C04962DBAF}
	EndGlobalSection
EndGlobal
